// !$*UTF8*$!
{
	archiveVersion = 1;
	classes = {
	};
	objectVersion = 55;
	objects = {

/* Begin PBXBuildFile section */
		5B0ED59428F5833F001EEA91 /* AppDelegate.swift in Sources */ = {isa = PBXBuildFile; fileRef = 5B0ED59328F5833F001EEA91 /* AppDelegate.swift */; };
		5B0ED59628F5833F001EEA91 /* SceneDelegate.swift in Sources */ = {isa = PBXBuildFile; fileRef = 5B0ED59528F5833F001EEA91 /* SceneDelegate.swift */; };
		5B0ED59828F5833F001EEA91 /* ViewController.swift in Sources */ = {isa = PBXBuildFile; fileRef = 5B0ED59728F5833F001EEA91 /* ViewController.swift */; };
		5B0ED59B28F5833F001EEA91 /* Main.storyboard in Resources */ = {isa = PBXBuildFile; fileRef = 5B0ED59928F5833F001EEA91 /* Main.storyboard */; };
		5B0ED59D28F58340001EEA91 /* Assets.xcassets in Resources */ = {isa = PBXBuildFile; fileRef = 5B0ED59C28F58340001EEA91 /* Assets.xcassets */; };
		5B0ED5A028F58340001EEA91 /* LaunchScreen.storyboard in Resources */ = {isa = PBXBuildFile; fileRef = 5B0ED59E28F58340001EEA91 /* LaunchScreen.storyboard */; };
		5B0ED5B528F58340001EEA91 /* TennisKataUITests.swift in Sources */ = {isa = PBXBuildFile; fileRef = 5B0ED5B428F58340001EEA91 /* TennisKataUITests.swift */; };
		5B0ED5B728F58340001EEA91 /* TennisKataUITestsLaunchTests.swift in Sources */ = {isa = PBXBuildFile; fileRef = 5B0ED5B628F58340001EEA91 /* TennisKataUITestsLaunchTests.swift */; };
		5B55FC5228F5921900454839 /* GameTests.swift in Sources */ = {isa = PBXBuildFile; fileRef = 5B55FC5128F5921900454839 /* GameTests.swift */; };
		5B55FC5528F592CA00454839 /* Game.swift in Sources */ = {isa = PBXBuildFile; fileRef = 5B55FC5428F592CA00454839 /* Game.swift */; };
/* End PBXBuildFile section */

/* Begin PBXContainerItemProxy section */
		5B0ED5A728F58340001EEA91 /* PBXContainerItemProxy */ = {
			isa = PBXContainerItemProxy;
			containerPortal = 5B0ED58828F5833F001EEA91 /* Project object */;
			proxyType = 1;
			remoteGlobalIDString = 5B0ED58F28F5833F001EEA91;
			remoteInfo = TennisKata;
		};
		5B0ED5B128F58340001EEA91 /* PBXContainerItemProxy */ = {
			isa = PBXContainerItemProxy;
			containerPortal = 5B0ED58828F5833F001EEA91 /* Project object */;
			proxyType = 1;
			remoteGlobalIDString = 5B0ED58F28F5833F001EEA91;
			remoteInfo = TennisKata;
		};
/* End PBXContainerItemProxy section */

/* Begin PBXFileReference section */
		5B0ED59028F5833F001EEA91 /* TennisKata.app */ = {isa = PBXFileReference; explicitFileType = wrapper.application; includeInIndex = 0; path = TennisKata.app; sourceTree = BUILT_PRODUCTS_DIR; };
		5B0ED59328F5833F001EEA91 /* AppDelegate.swift */ = {isa = PBXFileReference; lastKnownFileType = sourcecode.swift; path = AppDelegate.swift; sourceTree = "<group>"; };
		5B0ED59528F5833F001EEA91 /* SceneDelegate.swift */ = {isa = PBXFileReference; lastKnownFileType = sourcecode.swift; path = SceneDelegate.swift; sourceTree = "<group>"; };
		5B0ED59728F5833F001EEA91 /* ViewController.swift */ = {isa = PBXFileReference; lastKnownFileType = sourcecode.swift; path = ViewController.swift; sourceTree = "<group>"; };
		5B0ED59A28F5833F001EEA91 /* Base */ = {isa = PBXFileReference; lastKnownFileType = file.storyboard; name = Base; path = Base.lproj/Main.storyboard; sourceTree = "<group>"; };
		5B0ED59C28F58340001EEA91 /* Assets.xcassets */ = {isa = PBXFileReference; lastKnownFileType = folder.assetcatalog; path = Assets.xcassets; sourceTree = "<group>"; };
		5B0ED59F28F58340001EEA91 /* Base */ = {isa = PBXFileReference; lastKnownFileType = file.storyboard; name = Base; path = Base.lproj/LaunchScreen.storyboard; sourceTree = "<group>"; };
		5B0ED5A128F58340001EEA91 /* Info.plist */ = {isa = PBXFileReference; lastKnownFileType = text.plist.xml; path = Info.plist; sourceTree = "<group>"; };
		5B0ED5A628F58340001EEA91 /* TennisKataTests.xctest */ = {isa = PBXFileReference; explicitFileType = wrapper.cfbundle; includeInIndex = 0; path = TennisKataTests.xctest; sourceTree = BUILT_PRODUCTS_DIR; };
		5B0ED5B028F58340001EEA91 /* TennisKataUITests.xctest */ = {isa = PBXFileReference; explicitFileType = wrapper.cfbundle; includeInIndex = 0; path = TennisKataUITests.xctest; sourceTree = BUILT_PRODUCTS_DIR; };
		5B0ED5B428F58340001EEA91 /* TennisKataUITests.swift */ = {isa = PBXFileReference; lastKnownFileType = sourcecode.swift; path = TennisKataUITests.swift; sourceTree = "<group>"; };
		5B0ED5B628F58340001EEA91 /* TennisKataUITestsLaunchTests.swift */ = {isa = PBXFileReference; lastKnownFileType = sourcecode.swift; path = TennisKataUITestsLaunchTests.swift; sourceTree = "<group>"; };
		5B55FC5128F5921900454839 /* GameTests.swift */ = {isa = PBXFileReference; fileEncoding = 4; lastKnownFileType = sourcecode.swift; path = GameTests.swift; sourceTree = "<group>"; };
		5B55FC5428F592CA00454839 /* Game.swift */ = {isa = PBXFileReference; lastKnownFileType = sourcecode.swift; path = Game.swift; sourceTree = "<group>"; };
/* End PBXFileReference section */

/* Begin PBXFrameworksBuildPhase section */
		5B0ED58D28F5833F001EEA91 /* Frameworks */ = {
			isa = PBXFrameworksBuildPhase;
			buildActionMask = 2147483647;
			files = (
			);
			runOnlyForDeploymentPostprocessing = 0;
		};
		5B0ED5A328F58340001EEA91 /* Frameworks */ = {
			isa = PBXFrameworksBuildPhase;
			buildActionMask = 2147483647;
			files = (
			);
			runOnlyForDeploymentPostprocessing = 0;
		};
		5B0ED5AD28F58340001EEA91 /* Frameworks */ = {
			isa = PBXFrameworksBuildPhase;
			buildActionMask = 2147483647;
			files = (
			);
			runOnlyForDeploymentPostprocessing = 0;
		};
/* End PBXFrameworksBuildPhase section */

/* Begin PBXGroup section */
		5B0ED58728F5833F001EEA91 = {
			isa = PBXGroup;
			children = (
				5B0ED59228F5833F001EEA91 /* TennisKata */,
				5B0ED5A928F58340001EEA91 /* TennisKataTests */,
				5B0ED5B328F58340001EEA91 /* TennisKataUITests */,
				5B0ED59128F5833F001EEA91 /* Products */,
			);
			sourceTree = "<group>";
		};
		5B0ED59128F5833F001EEA91 /* Products */ = {
			isa = PBXGroup;
			children = (
				5B0ED59028F5833F001EEA91 /* TennisKata.app */,
				5B0ED5A628F58340001EEA91 /* TennisKataTests.xctest */,
				5B0ED5B028F58340001EEA91 /* TennisKataUITests.xctest */,
			);
			name = Products;
			sourceTree = "<group>";
		};
		5B0ED59228F5833F001EEA91 /* TennisKata */ = {
			isa = PBXGroup;
			children = (
				5B55FC5328F592B800454839 /* Game */,
				5B0ED59328F5833F001EEA91 /* AppDelegate.swift */,
				5B0ED59528F5833F001EEA91 /* SceneDelegate.swift */,
				5B0ED59728F5833F001EEA91 /* ViewController.swift */,
				5B0ED59928F5833F001EEA91 /* Main.storyboard */,
				5B0ED59C28F58340001EEA91 /* Assets.xcassets */,
				5B0ED59E28F58340001EEA91 /* LaunchScreen.storyboard */,
				5B0ED5A128F58340001EEA91 /* Info.plist */,
			);
			path = TennisKata;
			sourceTree = "<group>";
		};
		5B0ED5A928F58340001EEA91 /* TennisKataTests */ = {
			isa = PBXGroup;
			children = (
				5B55FC5128F5921900454839 /* GameTests.swift */,
			);
			path = TennisKataTests;
			sourceTree = "<group>";
		};
		5B0ED5B328F58340001EEA91 /* TennisKataUITests */ = {
			isa = PBXGroup;
			children = (
				5B0ED5B428F58340001EEA91 /* TennisKataUITests.swift */,
				5B0ED5B628F58340001EEA91 /* TennisKataUITestsLaunchTests.swift */,
			);
			path = TennisKataUITests;
			sourceTree = "<group>";
		};
		5B55FC5328F592B800454839 /* Game */ = {
			isa = PBXGroup;
			children = (
				5B55FC5428F592CA00454839 /* Game.swift */,
			);
			path = Game;
			sourceTree = "<group>";
		};
/* End PBXGroup section */

/* Begin PBXNativeTarget section */
		5B0ED58F28F5833F001EEA91 /* TennisKata */ = {
			isa = PBXNativeTarget;
			buildConfigurationList = 5B0ED5BA28F58340001EEA91 /* Build configuration list for PBXNativeTarget "TennisKata" */;
			buildPhases = (
				5B0ED58C28F5833F001EEA91 /* Sources */,
				5B0ED58D28F5833F001EEA91 /* Frameworks */,
				5B0ED58E28F5833F001EEA91 /* Resources */,
			);
			buildRules = (
			);
			dependencies = (
			);
			name = TennisKata;
			productName = TennisKata;
			productReference = 5B0ED59028F5833F001EEA91 /* TennisKata.app */;
			productType = "com.apple.product-type.application";
		};
		5B0ED5A528F58340001EEA91 /* TennisKataTests */ = {
			isa = PBXNativeTarget;
			buildConfigurationList = 5B0ED5BD28F58340001EEA91 /* Build configuration list for PBXNativeTarget "TennisKataTests" */;
			buildPhases = (
				5B0ED5A228F58340001EEA91 /* Sources */,
				5B0ED5A328F58340001EEA91 /* Frameworks */,
				5B0ED5A428F58340001EEA91 /* Resources */,
			);
			buildRules = (
			);
			dependencies = (
				5B0ED5A828F58340001EEA91 /* PBXTargetDependency */,
			);
			name = TennisKataTests;
			productName = TennisKataTests;
			productReference = 5B0ED5A628F58340001EEA91 /* TennisKataTests.xctest */;
			productType = "com.apple.product-type.bundle.unit-test";
		};
		5B0ED5AF28F58340001EEA91 /* TennisKataUITests */ = {
			isa = PBXNativeTarget;
			buildConfigurationList = 5B0ED5C028F58340001EEA91 /* Build configuration list for PBXNativeTarget "TennisKataUITests" */;
			buildPhases = (
				5B0ED5AC28F58340001EEA91 /* Sources */,
				5B0ED5AD28F58340001EEA91 /* Frameworks */,
				5B0ED5AE28F58340001EEA91 /* Resources */,
			);
			buildRules = (
			);
			dependencies = (
				5B0ED5B228F58340001EEA91 /* PBXTargetDependency */,
			);
			name = TennisKataUITests;
			productName = TennisKataUITests;
			productReference = 5B0ED5B028F58340001EEA91 /* TennisKataUITests.xctest */;
			productType = "com.apple.product-type.bundle.ui-testing";
		};
/* End PBXNativeTarget section */

/* Begin PBXProject section */
		5B0ED58828F5833F001EEA91 /* Project object */ = {
			isa = PBXProject;
			attributes = {
				BuildIndependentTargetsInParallel = 1;
				LastSwiftUpdateCheck = 1340;
				LastUpgradeCheck = 1340;
				TargetAttributes = {
					5B0ED58F28F5833F001EEA91 = {
						CreatedOnToolsVersion = 13.4.1;
					};
					5B0ED5A528F58340001EEA91 = {
						CreatedOnToolsVersion = 13.4.1;
						TestTargetID = 5B0ED58F28F5833F001EEA91;
					};
					5B0ED5AF28F58340001EEA91 = {
						CreatedOnToolsVersion = 13.4.1;
						TestTargetID = 5B0ED58F28F5833F001EEA91;
					};
				};
			};
			buildConfigurationList = 5B0ED58B28F5833F001EEA91 /* Build configuration list for PBXProject "TennisKata" */;
			compatibilityVersion = "Xcode 13.0";
			developmentRegion = en;
			hasScannedForEncodings = 0;
			knownRegions = (
				en,
				Base,
			);
			mainGroup = 5B0ED58728F5833F001EEA91;
			productRefGroup = 5B0ED59128F5833F001EEA91 /* Products */;
			projectDirPath = "";
			projectRoot = "";
			targets = (
				5B0ED58F28F5833F001EEA91 /* TennisKata */,
				5B0ED5A528F58340001EEA91 /* TennisKataTests */,
				5B0ED5AF28F58340001EEA91 /* TennisKataUITests */,
			);
		};
/* End PBXProject section */

/* Begin PBXResourcesBuildPhase section */
		5B0ED58E28F5833F001EEA91 /* Resources */ = {
			isa = PBXResourcesBuildPhase;
			buildActionMask = 2147483647;
			files = (
				5B0ED5A028F58340001EEA91 /* LaunchScreen.storyboard in Resources */,
				5B0ED59D28F58340001EEA91 /* Assets.xcassets in Resources */,
				5B0ED59B28F5833F001EEA91 /* Main.storyboard in Resources */,
			);
			runOnlyForDeploymentPostprocessing = 0;
		};
		5B0ED5A428F58340001EEA91 /* Resources */ = {
			isa = PBXResourcesBuildPhase;
			buildActionMask = 2147483647;
			files = (
			);
			runOnlyForDeploymentPostprocessing = 0;
		};
		5B0ED5AE28F58340001EEA91 /* Resources */ = {
			isa = PBXResourcesBuildPhase;
			buildActionMask = 2147483647;
			files = (
			);
			runOnlyForDeploymentPostprocessing = 0;
		};
/* End PBXResourcesBuildPhase section */

/* Begin PBXSourcesBuildPhase section */
		5B0ED58C28F5833F001EEA91 /* Sources */ = {
			isa = PBXSourcesBuildPhase;
			buildActionMask = 2147483647;
			files = (
				5B0ED59828F5833F001EEA91 /* ViewController.swift in Sources */,
				5B0ED59428F5833F001EEA91 /* AppDelegate.swift in Sources */,
				5B0ED59628F5833F001EEA91 /* SceneDelegate.swift in Sources */,
				5B55FC5528F592CA00454839 /* Game.swift in Sources */,
			);
			runOnlyForDeploymentPostprocessing = 0;
		};
		5B0ED5A228F58340001EEA91 /* Sources */ = {
			isa = PBXSourcesBuildPhase;
			buildActionMask = 2147483647;
			files = (
				5B55FC5228F5921900454839 /* GameTests.swift in Sources */,
			);
			runOnlyForDeploymentPostprocessing = 0;
		};
		5B0ED5AC28F58340001EEA91 /* Sources */ = {
			isa = PBXSourcesBuildPhase;
			buildActionMask = 2147483647;
			files = (
				5B0ED5B728F58340001EEA91 /* TennisKataUITestsLaunchTests.swift in Sources */,
				5B0ED5B528F58340001EEA91 /* TennisKataUITests.swift in Sources */,
			);
			runOnlyForDeploymentPostprocessing = 0;
		};
/* End PBXSourcesBuildPhase section */

/* Begin PBXTargetDependency section */
		5B0ED5A828F58340001EEA91 /* PBXTargetDependency */ = {
			isa = PBXTargetDependency;
			target = 5B0ED58F28F5833F001EEA91 /* TennisKata */;
			targetProxy = 5B0ED5A728F58340001EEA91 /* PBXContainerItemProxy */;
		};
		5B0ED5B228F58340001EEA91 /* PBXTargetDependency */ = {
			isa = PBXTargetDependency;
			target = 5B0ED58F28F5833F001EEA91 /* TennisKata */;
			targetProxy = 5B0ED5B128F58340001EEA91 /* PBXContainerItemProxy */;
		};
/* End PBXTargetDependency section */

/* Begin PBXVariantGroup section */
		5B0ED59928F5833F001EEA91 /* Main.storyboard */ = {
			isa = PBXVariantGroup;
			children = (
				5B0ED59A28F5833F001EEA91 /* Base */,
			);
			name = Main.storyboard;
			sourceTree = "<group>";
		};
		5B0ED59E28F58340001EEA91 /* LaunchScreen.storyboard */ = {
			isa = PBXVariantGroup;
			children = (
				5B0ED59F28F58340001EEA91 /* Base */,
			);
			name = LaunchScreen.storyboard;
			sourceTree = "<group>";
		};
/* End PBXVariantGroup section */

/* Begin XCBuildConfiguration section */
		5B0ED5B828F58340001EEA91 /* Debug */ = {
			isa = XCBuildConfiguration;
			buildSettings = {
				ALWAYS_SEARCH_USER_PATHS = NO;
				CLANG_ANALYZER_NONNULL = YES;
				CLANG_ANALYZER_NUMBER_OBJECT_CONVERSION = YES_AGGRESSIVE;
				CLANG_CXX_LANGUAGE_STANDARD = "gnu++17";
				CLANG_ENABLE_MODULES = YES;
				CLANG_ENABLE_OBJC_ARC = YES;
				CLANG_ENABLE_OBJC_WEAK = YES;
				CLANG_WARN_BLOCK_CAPTURE_AUTORELEASING = YES;
				CLANG_WARN_BOOL_CONVERSION = YES;
				CLANG_WARN_COMMA = YES;
				CLANG_WARN_CONSTANT_CONVERSION = YES;
				CLANG_WARN_DEPRECATED_OBJC_IMPLEMENTATIONS = YES;
				CLANG_WARN_DIRECT_OBJC_ISA_USAGE = YES_ERROR;
				CLANG_WARN_DOCUMENTATION_COMMENTS = YES;
				CLANG_WARN_EMPTY_BODY = YES;
				CLANG_WARN_ENUM_CONVERSION = YES;
				CLANG_WARN_INFINITE_RECURSION = YES;
				CLANG_WARN_INT_CONVERSION = YES;
				CLANG_WARN_NON_LITERAL_NULL_CONVERSION = YES;
				CLANG_WARN_OBJC_IMPLICIT_RETAIN_SELF = YES;
				CLANG_WARN_OBJC_LITERAL_CONVERSION = YES;
				CLANG_WARN_OBJC_ROOT_CLASS = YES_ERROR;
				CLANG_WARN_QUOTED_INCLUDE_IN_FRAMEWORK_HEADER = YES;
				CLANG_WARN_RANGE_LOOP_ANALYSIS = YES;
				CLANG_WARN_STRICT_PROTOTYPES = YES;
				CLANG_WARN_SUSPICIOUS_MOVE = YES;
				CLANG_WARN_UNGUARDED_AVAILABILITY = YES_AGGRESSIVE;
				CLANG_WARN_UNREACHABLE_CODE = YES;
				CLANG_WARN__DUPLICATE_METHOD_MATCH = YES;
				COPY_PHASE_STRIP = NO;
				DEBUG_INFORMATION_FORMAT = dwarf;
				ENABLE_STRICT_OBJC_MSGSEND = YES;
				ENABLE_TESTABILITY = YES;
				GCC_C_LANGUAGE_STANDARD = gnu11;
				GCC_DYNAMIC_NO_PIC = NO;
				GCC_NO_COMMON_BLOCKS = YES;
				GCC_OPTIMIZATION_LEVEL = 0;
				GCC_PREPROCESSOR_DEFINITIONS = (
					"DEBUG=1",
					"$(inherited)",
				);
				GCC_WARN_64_TO_32_BIT_CONVERSION = YES;
				GCC_WARN_ABOUT_RETURN_TYPE = YES_ERROR;
				GCC_WARN_UNDECLARED_SELECTOR = YES;
				GCC_WARN_UNINITIALIZED_AUTOS = YES_AGGRESSIVE;
				GCC_WARN_UNUSED_FUNCTION = YES;
				GCC_WARN_UNUSED_VARIABLE = YES;
				IPHONEOS_DEPLOYMENT_TARGET = 15.5;
				MTL_ENABLE_DEBUG_INFO = INCLUDE_SOURCE;
				MTL_FAST_MATH = YES;
				ONLY_ACTIVE_ARCH = YES;
				SDKROOT = iphoneos;
				SWIFT_ACTIVE_COMPILATION_CONDITIONS = DEBUG;
				SWIFT_OPTIMIZATION_LEVEL = "-Onone";
			};
			name = Debug;
		};
		5B0ED5B928F58340001EEA91 /* Release */ = {
			isa = XCBuildConfiguration;
			buildSettings = {
				ALWAYS_SEARCH_USER_PATHS = NO;
				CLANG_ANALYZER_NONNULL = YES;
				CLANG_ANALYZER_NUMBER_OBJECT_CONVERSION = YES_AGGRESSIVE;
				CLANG_CXX_LANGUAGE_STANDARD = "gnu++17";
				CLANG_ENABLE_MODULES = YES;
				CLANG_ENABLE_OBJC_ARC = YES;
				CLANG_ENABLE_OBJC_WEAK = YES;
				CLANG_WARN_BLOCK_CAPTURE_AUTORELEASING = YES;
				CLANG_WARN_BOOL_CONVERSION = YES;
				CLANG_WARN_COMMA = YES;
				CLANG_WARN_CONSTANT_CONVERSION = YES;
				CLANG_WARN_DEPRECATED_OBJC_IMPLEMENTATIONS = YES;
				CLANG_WARN_DIRECT_OBJC_ISA_USAGE = YES_ERROR;
				CLANG_WARN_DOCUMENTATION_COMMENTS = YES;
				CLANG_WARN_EMPTY_BODY = YES;
				CLANG_WARN_ENUM_CONVERSION = YES;
				CLANG_WARN_INFINITE_RECURSION = YES;
				CLANG_WARN_INT_CONVERSION = YES;
				CLANG_WARN_NON_LITERAL_NULL_CONVERSION = YES;
				CLANG_WARN_OBJC_IMPLICIT_RETAIN_SELF = YES;
				CLANG_WARN_OBJC_LITERAL_CONVERSION = YES;
				CLANG_WARN_OBJC_ROOT_CLASS = YES_ERROR;
				CLANG_WARN_QUOTED_INCLUDE_IN_FRAMEWORK_HEADER = YES;
				CLANG_WARN_RANGE_LOOP_ANALYSIS = YES;
				CLANG_WARN_STRICT_PROTOTYPES = YES;
				CLANG_WARN_SUSPICIOUS_MOVE = YES;
				CLANG_WARN_UNGUARDED_AVAILABILITY = YES_AGGRESSIVE;
				CLANG_WARN_UNREACHABLE_CODE = YES;
				CLANG_WARN__DUPLICATE_METHOD_MATCH = YES;
				COPY_PHASE_STRIP = NO;
				DEBUG_INFORMATION_FORMAT = "dwarf-with-dsym";
				ENABLE_NS_ASSERTIONS = NO;
				ENABLE_STRICT_OBJC_MSGSEND = YES;
				GCC_C_LANGUAGE_STANDARD = gnu11;
				GCC_NO_COMMON_BLOCKS = YES;
				GCC_WARN_64_TO_32_BIT_CONVERSION = YES;
				GCC_WARN_ABOUT_RETURN_TYPE = YES_ERROR;
				GCC_WARN_UNDECLARED_SELECTOR = YES;
				GCC_WARN_UNINITIALIZED_AUTOS = YES_AGGRESSIVE;
				GCC_WARN_UNUSED_FUNCTION = YES;
				GCC_WARN_UNUSED_VARIABLE = YES;
				IPHONEOS_DEPLOYMENT_TARGET = 15.5;
				MTL_ENABLE_DEBUG_INFO = NO;
				MTL_FAST_MATH = YES;
				SDKROOT = iphoneos;
				SWIFT_COMPILATION_MODE = wholemodule;
				SWIFT_OPTIMIZATION_LEVEL = "-O";
				VALIDATE_PRODUCT = YES;
			};
			name = Release;
		};
		5B0ED5BB28F58340001EEA91 /* Debug */ = {
			isa = XCBuildConfiguration;
			buildSettings = {
				ASSETCATALOG_COMPILER_APPICON_NAME = AppIcon;
				ASSETCATALOG_COMPILER_GLOBAL_ACCENT_COLOR_NAME = AccentColor;
				CODE_SIGN_STYLE = Automatic;
				CURRENT_PROJECT_VERSION = 1;
				GENERATE_INFOPLIST_FILE = YES;
				INFOPLIST_FILE = TennisKata/Info.plist;
				INFOPLIST_KEY_UIApplicationSupportsIndirectInputEvents = YES;
				INFOPLIST_KEY_UILaunchStoryboardName = LaunchScreen;
				INFOPLIST_KEY_UIMainStoryboardFile = Main;
				INFOPLIST_KEY_UISupportedInterfaceOrientations_iPad = "UIInterfaceOrientationPortrait UIInterfaceOrientationPortraitUpsideDown UIInterfaceOrientationLandscapeLeft UIInterfaceOrientationLandscapeRight";
				INFOPLIST_KEY_UISupportedInterfaceOrientations_iPhone = "UIInterfaceOrientationPortrait UIInterfaceOrientationLandscapeLeft UIInterfaceOrientationLandscapeRight";
				LD_RUNPATH_SEARCH_PATHS = (
					"$(inherited)",
					"@executable_path/Frameworks",
				);
				MARKETING_VERSION = 1.0;
				PRODUCT_BUNDLE_IDENTIFIER = d.TennisKata;
				PRODUCT_NAME = "$(TARGET_NAME)";
				SWIFT_EMIT_LOC_STRINGS = YES;
				SWIFT_VERSION = 5.0;
				TARGETED_DEVICE_FAMILY = "1,2";
			};
			name = Debug;
		};
		5B0ED5BC28F58340001EEA91 /* Release */ = {
			isa = XCBuildConfiguration;
			buildSettings = {
				ASSETCATALOG_COMPILER_APPICON_NAME = AppIcon;
				ASSETCATALOG_COMPILER_GLOBAL_ACCENT_COLOR_NAME = AccentColor;
				CODE_SIGN_STYLE = Automatic;
				CURRENT_PROJECT_VERSION = 1;
				GENERATE_INFOPLIST_FILE = YES;
				INFOPLIST_FILE = TennisKata/Info.plist;
				INFOPLIST_KEY_UIApplicationSupportsIndirectInputEvents = YES;
				INFOPLIST_KEY_UILaunchStoryboardName = LaunchScreen;
				INFOPLIST_KEY_UIMainStoryboardFile = Main;
				INFOPLIST_KEY_UISupportedInterfaceOrientations_iPad = "UIInterfaceOrientationPortrait UIInterfaceOrientationPortraitUpsideDown UIInterfaceOrientationLandscapeLeft UIInterfaceOrientationLandscapeRight";
				INFOPLIST_KEY_UISupportedInterfaceOrientations_iPhone = "UIInterfaceOrientationPortrait UIInterfaceOrientationLandscapeLeft UIInterfaceOrientationLandscapeRight";
				LD_RUNPATH_SEARCH_PATHS = (
					"$(inherited)",
					"@executable_path/Frameworks",
				);
				MARKETING_VERSION = 1.0;
				PRODUCT_BUNDLE_IDENTIFIER = d.TennisKata;
				PRODUCT_NAME = "$(TARGET_NAME)";
				SWIFT_EMIT_LOC_STRINGS = YES;
				SWIFT_VERSION = 5.0;
				TARGETED_DEVICE_FAMILY = "1,2";
			};
			name = Release;
		};
		5B0ED5BE28F58340001EEA91 /* Debug */ = {
			isa = XCBuildConfiguration;
			buildSettings = {
				ALWAYS_EMBED_SWIFT_STANDARD_LIBRARIES = YES;
				BUNDLE_LOADER = "$(TEST_HOST)";
				CODE_SIGN_STYLE = Automatic;
				CURRENT_PROJECT_VERSION = 1;
				GENERATE_INFOPLIST_FILE = YES;
				IPHONEOS_DEPLOYMENT_TARGET = 15.5;
				MARKETING_VERSION = 1.0;
				PRODUCT_BUNDLE_IDENTIFIER = d.TennisKataTests;
				PRODUCT_NAME = "$(TARGET_NAME)";
				SWIFT_EMIT_LOC_STRINGS = NO;
				SWIFT_VERSION = 5.0;
				TARGETED_DEVICE_FAMILY = "1,2";
				TEST_HOST = "$(BUILT_PRODUCTS_DIR)/TennisKata.app/TennisKata";
			};
			name = Debug;
		};
		5B0ED5BF28F58340001EEA91 /* Release */ = {
			isa = XCBuildConfiguration;
			buildSettings = {
				ALWAYS_EMBED_SWIFT_STANDARD_LIBRARIES = YES;
				BUNDLE_LOADER = "$(TEST_HOST)";
				CODE_SIGN_STYLE = Automatic;
				CURRENT_PROJECT_VERSION = 1;
				GENERATE_INFOPLIST_FILE = YES;
				IPHONEOS_DEPLOYMENT_TARGET = 15.5;
				MARKETING_VERSION = 1.0;
				PRODUCT_BUNDLE_IDENTIFIER = d.TennisKataTests;
				PRODUCT_NAME = "$(TARGET_NAME)";
				SWIFT_EMIT_LOC_STRINGS = NO;
				SWIFT_VERSION = 5.0;
				TARGETED_DEVICE_FAMILY = "1,2";
				TEST_HOST = "$(BUILT_PRODUCTS_DIR)/TennisKata.app/TennisKata";
			};
			name = Release;
		};
		5B0ED5C128F58340001EEA91 /* Debug */ = {
			isa = XCBuildConfiguration;
			buildSettings = {
				ALWAYS_EMBED_SWIFT_STANDARD_LIBRARIES = YES;
				CODE_SIGN_STYLE = Automatic;
				CURRENT_PROJECT_VERSION = 1;
				GENERATE_INFOPLIST_FILE = YES;
				MARKETING_VERSION = 1.0;
				PRODUCT_BUNDLE_IDENTIFIER = d.TennisKataUITests;
				PRODUCT_NAME = "$(TARGET_NAME)";
				SWIFT_EMIT_LOC_STRINGS = NO;
				SWIFT_VERSION = 5.0;
				TARGETED_DEVICE_FAMILY = "1,2";
				TEST_TARGET_NAME = TennisKata;
			};
			name = Debug;
		};
		5B0ED5C228F58340001EEA91 /* Release */ = {
			isa = XCBuildConfiguration;
			buildSettings = {
				ALWAYS_EMBED_SWIFT_STANDARD_LIBRARIES = YES;
				CODE_SIGN_STYLE = Automatic;
				CURRENT_PROJECT_VERSION = 1;
				GENERATE_INFOPLIST_FILE = YES;
				MARKETING_VERSION = 1.0;
				PRODUCT_BUNDLE_IDENTIFIER = d.TennisKataUITests;
				PRODUCT_NAME = "$(TARGET_NAME)";
				SWIFT_EMIT_LOC_STRINGS = NO;
				SWIFT_VERSION = 5.0;
				TARGETED_DEVICE_FAMILY = "1,2";
				TEST_TARGET_NAME = TennisKata;
			};
			name = Release;
		};
/* End XCBuildConfiguration section */

/* Begin XCConfigurationList section */
		5B0ED58B28F5833F001EEA91 /* Build configuration list for PBXProject "TennisKata" */ = {
			isa = XCConfigurationList;
			buildConfigurations = (
				5B0ED5B828F58340001EEA91 /* Debug */,
				5B0ED5B928F58340001EEA91 /* Release */,
			);
			defaultConfigurationIsVisible = 0;
			defaultConfigurationName = Release;
		};
		5B0ED5BA28F58340001EEA91 /* Build configuration list for PBXNativeTarget "TennisKata" */ = {
			isa = XCConfigurationList;
			buildConfigurations = (
				5B0ED5BB28F58340001EEA91 /* Debug */,
				5B0ED5BC28F58340001EEA91 /* Release */,
			);
			defaultConfigurationIsVisible = 0;
			defaultConfigurationName = Release;
		};
		5B0ED5BD28F58340001EEA91 /* Build configuration list for PBXNativeTarget "TennisKataTests" */ = {
			isa = XCConfigurationList;
			buildConfigurations = (
				5B0ED5BE28F58340001EEA91 /* Debug */,
				5B0ED5BF28F58340001EEA91 /* Release */,
			);
			defaultConfigurationIsVisible = 0;
			defaultConfigurationName = Release;
		};
		5B0ED5C028F58340001EEA91 /* Build configuration list for PBXNativeTarget "TennisKataUITests" */ = {
			isa = XCConfigurationList;
			buildConfigurations = (
				5B0ED5C128F58340001EEA91 /* Debug */,
				5B0ED5C228F58340001EEA91 /* Release */,
			);
			defaultConfigurationIsVisible = 0;
			defaultConfigurationName = Release;
		};
/* End XCConfigurationList section */
	};
	rootObject = 5B0ED58828F5833F001EEA91 /* Project object */;
}
